{
  "name": "fixture-lifecycle-script-project",
  "version": "1.0.0",
  "lockfileVersion": 3,
  "packages": {
    "": {
      "name": "fixture-lifecycle-script-project",
      "version": "1.0.0",
      "dependencies": { "suspicious-installer": "1.0.0" }
    },
    "node_modules/suspicious-installer": {
      "version": "1.0.0",
      "license": "MIT",
      "hasInstallScript": true
    }
  }
}
