{
  "name": "fixture-duplicate-project",
  "version": "1.0.0",
  "lockfileVersion": 3,
  "packages": {
    "": {
      "name": "fixture-duplicate-project",
      "version": "1.0.0",
      "dependencies": { "alpha": "1.0.0", "beta": "1.0.0" }
    },
    "node_modules/alpha": {
      "version": "1.0.0",
      "license": "MIT",
      "dependencies": { "react": "^18.2.0" }
    },
    "node_modules/beta": {
      "version": "1.0.0",
      "license": "MIT",
      "dependencies": { "react": "^17.0.0" }
    },
    "node_modules/react": {
      "version": "18.2.0",
      "license": "MIT"
    },
    "node_modules/beta/node_modules/react": {
      "version": "17.0.2",
      "license": "MIT"
    }
  }
}
