{
  "name": "fixture-gpl-project",
  "version": "1.0.0",
  "lockfileVersion": 3,
  "packages": {
    "": {
      "name": "fixture-gpl-project",
      "version": "1.0.0",
      "dependencies": { "gpl-library": "1.0.0" }
    },
    "node_modules/gpl-library": { "version": "1.0.0", "license": "GPL-3.0-only" }
  }
}
