{
  "name": "fixture-license-project",
  "version": "1.0.0",
  "lockfileVersion": 3,
  "packages": {
    "": {
      "name": "fixture-license-project",
      "version": "1.0.0",
      "dependencies": { "copyleft-lib": "1.0.0", "permissive-lib": "2.0.0" }
    },
    "node_modules/copyleft-lib": {
      "version": "1.0.0",
      "resolved": "https://registry.npmjs.org/copyleft-lib/-/copyleft-lib-1.0.0.tgz",
      "license": "AGPL-3.0-only"
    },
    "node_modules/permissive-lib": {
      "version": "2.0.0",
      "resolved": "https://registry.npmjs.org/permissive-lib/-/permissive-lib-2.0.0.tgz",
      "license": "MIT"
    },
    "node_modules/dual-licensed": {
      "version": "1.0.0",
      "resolved": "https://registry.npmjs.org/dual-licensed/-/dual-licensed-1.0.0.tgz",
      "license": "(MIT OR GPL-3.0-only)"
    }
  }
}
