{
  "name": "fixture-typosquat-project",
  "version": "1.0.0",
  "lockfileVersion": 3,
  "packages": {
    "": {
      "name": "fixture-typosquat-project",
      "version": "1.0.0",
      "dependencies": { "expreess": "1.0.0", "preact": "10.19.0" }
    },
    "node_modules/expreess": {
      "version": "1.0.0",
      "resolved": "https://registry.npmjs.org/expreess/-/expreess-1.0.0.tgz",
      "integrity": "sha512-0000000000000000000000000000000000000000000000000000000000000000000000000000000000000000000000=="
    },
    "node_modules/preact": {
      "version": "10.19.0",
      "resolved": "https://registry.npmjs.org/preact/-/preact-10.19.0.tgz",
      "integrity": "sha512-1111111111111111111111111111111111111111111111111111111111111111111111111111111111111111111111==",
      "license": "MIT"
    }
  }
}
