{
  "name": "fixture-unused-project",
  "version": "1.0.0",
  "lockfileVersion": 3,
  "packages": {
    "": {
      "name": "fixture-unused-project",
      "version": "1.0.0",
      "dependencies": { "used-package": "1.0.0", "never-imported": "1.0.0", "script-only-package": "1.0.0" },
      "devDependencies": { "@types/node": "20.0.0" }
    },
    "node_modules/used-package": { "version": "1.0.0", "license": "MIT" },
    "node_modules/never-imported": { "version": "1.0.0", "license": "MIT" },
    "node_modules/script-only-package": { "version": "1.0.0", "license": "MIT" },
    "node_modules/@types/node": { "version": "20.0.0", "license": "MIT" }
  }
}
